
Microsoft Visual Studio Solution File, Format Version 12.00
# Visual Studio Express 15 for Windows Desktop
VisualStudioVersion = 15.0.28010.2003
MinimumVisualStudioVersion = 10.0.40219.1
Project("{FAE04EC0-301F-11D3-BF4B-00C04F79EFBC}") = "STEP3-4", "STEP3-4\STEP3-4.csproj", "{86DFEF12-14AE-4BA9-A1C0-7B2D4B1A8CB0}"
EndProject
Project("{8BC9CEB8-8B4A-11D0-8D11-00A0C91BC942}") = "STEP3-4_DLL", "STEP3-4_DLL\STEP3-4_DLL.vcxproj", "{9EB4B033-C099-4DEF-BA34-C543145D8D32}"
EndProject
Global
	GlobalSection(SolutionConfigurationPlatforms) = preSolution
		Debug|Any CPU = Debug|Any CPU
		Debug|x64 = Debug|x64
		Debug|x86 = Debug|x86
		Release|Any CPU = Release|Any CPU
		Release|x64 = Release|x64
		Release|x86 = Release|x86
	EndGlobalSection
	GlobalSection(ProjectConfigurationPlatforms) = postSolution
		{86DFEF12-14AE-4BA9-A1C0-7B2D4B1A8CB0}.Debug|Any CPU.ActiveCfg = Debug|Any CPU
		{86DFEF12-14AE-4BA9-A1C0-7B2D4B1A8CB0}.Debug|x64.ActiveCfg = Debug|Any CPU
		{86DFEF12-14AE-4BA9-A1C0-7B2D4B1A8CB0}.Debug|x64.Build.0 = Debug|Any CPU
		{86DFEF12-14AE-4BA9-A1C0-7B2D4B1A8CB0}.Debug|x86.ActiveCfg = Debug|Any CPU
		{86DFEF12-14AE-4BA9-A1C0-7B2D4B1A8CB0}.Debug|x86.Build.0 = Debug|Any CPU
		{86DFEF12-14AE-4BA9-A1C0-7B2D4B1A8CB0}.Release|Any CPU.ActiveCfg = Release|Any CPU
		{86DFEF12-14AE-4BA9-A1C0-7B2D4B1A8CB0}.Release|Any CPU.Build.0 = Release|Any CPU
		{86DFEF12-14AE-4BA9-A1C0-7B2D4B1A8CB0}.Release|x64.ActiveCfg = Release|Any CPU
		{86DFEF12-14AE-4BA9-A1C0-7B2D4B1A8CB0}.Release|x64.Build.0 = Release|Any CPU
		{86DFEF12-14AE-4BA9-A1C0-7B2D4B1A8CB0}.Release|x86.ActiveCfg = Release|Any CPU
		{86DFEF12-14AE-4BA9-A1C0-7B2D4B1A8CB0}.Release|x86.Build.0 = Release|Any CPU
		{9EB4B033-C099-4DEF-BA34-C543145D8D32}.Debug|Any CPU.ActiveCfg = Debug|Win32
		{9EB4B033-C099-4DEF-BA34-C543145D8D32}.Debug|x64.ActiveCfg = Debug|Win32
		{9EB4B033-C099-4DEF-BA34-C543145D8D32}.Debug|x64.Build.0 = Debug|Win32
		{9EB4B033-C099-4DEF-BA34-C543145D8D32}.Debug|x86.ActiveCfg = Debug|Win32
		{9EB4B033-C099-4DEF-BA34-C543145D8D32}.Debug|x86.Build.0 = Debug|Win32
		{9EB4B033-C099-4DEF-BA34-C543145D8D32}.Release|Any CPU.ActiveCfg = Release|Win32
		{9EB4B033-C099-4DEF-BA34-C543145D8D32}.Release|x64.ActiveCfg = Release|x64
		{9EB4B033-C099-4DEF-BA34-C543145D8D32}.Release|x64.Build.0 = Release|x64
		{9EB4B033-C099-4DEF-BA34-C543145D8D32}.Release|x86.ActiveCfg = Release|Win32
		{9EB4B033-C099-4DEF-BA34-C543145D8D32}.Release|x86.Build.0 = Release|Win32
	EndGlobalSection
	GlobalSection(SolutionProperties) = preSolution
		HideSolutionNode = FALSE
	EndGlobalSection
	GlobalSection(ExtensibilityGlobals) = postSolution
		SolutionGuid = {D0CD632A-92B5-47FD-8821-A980EBD7034C}
	EndGlobalSection
EndGlobal
